// !$*UTF8*$!
{
	archiveVersion = 1;
	classes = {
	};
	objectVersion = 56;
	objects = {

/* Begin PBXBuildFile section */
		ED39369C2C7208AE00075510 /* PersistenceManager.swift in Sources */ = {isa = PBXBuildFile; fileRef = ED39369B2C7208AE00075510 /* PersistenceManager.swift */; };
		ED39369F2C720A7300075510 /* PersistenceTests.swift in Sources */ = {isa = PBXBuildFile; fileRef = ED39369E2C720A7300075510 /* PersistenceTests.swift */; };
		ED3936A22C720B8900075510 /* PayloadDTO+Mocks.swift in Sources */ = {isa = PBXBuildFile; fileRef = ED3936A12C720B8900075510 /* PayloadDTO+Mocks.swift */; };
		ED3936A62C7211DD00075510 /* WhenFetchingPayload.swift in Sources */ = {isa = PBXBuildFile; fileRef = ED3936A52C7211DD00075510 /* WhenFetchingPayload.swift */; };
		EDAA00062C6F461E001C2ED9 /* st_louis_post_dispatchUITests.swift in Sources */ = {isa = PBXBuildFile; fileRef = EDAA00052C6F461E001C2ED9 /* st_louis_post_dispatchUITests.swift */; };
		EDAA00082C6F461E001C2ED9 /* st_louis_post_dispatchUITestsLaunchTests.swift in Sources */ = {isa = PBXBuildFile; fileRef = EDAA00072C6F461E001C2ED9 /* st_louis_post_dispatchUITestsLaunchTests.swift */; };
		EDAA00162C6F4E91001C2ED9 /* HttpClient.swift in Sources */ = {isa = PBXBuildFile; fileRef = EDAA00152C6F4E91001C2ED9 /* HttpClient.swift */; };
		EDAA00192C6F4F13001C2ED9 /* ApiTests.swift in Sources */ = {isa = PBXBuildFile; fileRef = EDAA00182C6F4F13001C2ED9 /* ApiTests.swift */; };
		EDAA001B2C6F4F92001C2ED9 /* ApiHelper.swift in Sources */ = {isa = PBXBuildFile; fileRef = EDAA001A2C6F4F92001C2ED9 /* ApiHelper.swift */; };
		EDAA001E2C6F5F79001C2ED9 /* PayloadMessage.swift in Sources */ = {isa = PBXBuildFile; fileRef = EDAA001D2C6F5F79001C2ED9 /* PayloadMessage.swift */; };
		EDAA00202C6F6245001C2ED9 /* ApiService.swift in Sources */ = {isa = PBXBuildFile; fileRef = EDAA001F2C6F6245001C2ED9 /* ApiService.swift */; };
		EDAA00232C6F659B001C2ED9 /* payloadMock.json in Resources */ = {isa = PBXBuildFile; fileRef = EDAA00222C6F659B001C2ED9 /* payloadMock.json */; };
		EDAA00252C6F65DF001C2ED9 /* PayloadMessage+Mocks.swift in Sources */ = {isa = PBXBuildFile; fileRef = EDAA00242C6F65DF001C2ED9 /* PayloadMessage+Mocks.swift */; };
		EDAA00272C6F6896001C2ED9 /* MockHttpClient.swift in Sources */ = {isa = PBXBuildFile; fileRef = EDAA00262C6F6896001C2ED9 /* MockHttpClient.swift */; };
		EDAA002E2C7150D1001C2ED9 /* PayloadDTO.swift in Sources */ = {isa = PBXBuildFile; fileRef = EDAA002D2C7150D1001C2ED9 /* PayloadDTO.swift */; };
		EDAA00332C71547F001C2ED9 /* PayloadRepository.swift in Sources */ = {isa = PBXBuildFile; fileRef = EDAA00322C71547F001C2ED9 /* PayloadRepository.swift */; };
		EDAA00362C715630001C2ED9 /* Payload.swift in Sources */ = {isa = PBXBuildFile; fileRef = EDAA00352C715630001C2ED9 /* Payload.swift */; };
		EDAA003A2C71593E001C2ED9 /* Payload+Persistence.swift in Sources */ = {isa = PBXBuildFile; fileRef = EDAA00392C71593E001C2ED9 /* Payload+Persistence.swift */; };
		EDAA003C2C715D3F001C2ED9 /* RecordDTO.swift in Sources */ = {isa = PBXBuildFile; fileRef = EDAA003B2C715D3F001C2ED9 /* RecordDTO.swift */; };
		EDAA003E2C715F71001C2ED9 /* SubscriptionDTO.swift in Sources */ = {isa = PBXBuildFile; fileRef = EDAA003D2C715F71001C2ED9 /* SubscriptionDTO.swift */; };
		EDAA00402C7161BF001C2ED9 /* OfferDTO.swift in Sources */ = {isa = PBXBuildFile; fileRef = EDAA003F2C7161BF001C2ED9 /* OfferDTO.swift */; };
		EDAA00422C71632D001C2ED9 /* PersistenceConstants.swift in Sources */ = {isa = PBXBuildFile; fileRef = EDAA00412C71632D001C2ED9 /* PersistenceConstants.swift */; };
		EDAA00442C7173BE001C2ED9 /* Payload+API.swift in Sources */ = {isa = PBXBuildFile; fileRef = EDAA00432C7173BE001C2ED9 /* Payload+API.swift */; };
		EDAAFFE22C6F461B001C2ED9 /* AppDelegate.swift in Sources */ = {isa = PBXBuildFile; fileRef = EDAAFFE12C6F461B001C2ED9 /* AppDelegate.swift */; };
		EDAAFFE42C6F461B001C2ED9 /* SceneDelegate.swift in Sources */ = {isa = PBXBuildFile; fileRef = EDAAFFE32C6F461B001C2ED9 /* SceneDelegate.swift */; };
		EDAAFFE62C6F461B001C2ED9 /* ViewController.swift in Sources */ = {isa = PBXBuildFile; fileRef = EDAAFFE52C6F461B001C2ED9 /* ViewController.swift */; };
		EDAAFFE92C6F461B001C2ED9 /* Main.storyboard in Resources */ = {isa = PBXBuildFile; fileRef = EDAAFFE72C6F461B001C2ED9 /* Main.storyboard */; };
		EDAAFFEC2C6F461B001C2ED9 /* st_louis_post_dispatch.xcdatamodeld in Sources */ = {isa = PBXBuildFile; fileRef = EDAAFFEA2C6F461B001C2ED9 /* st_louis_post_dispatch.xcdatamodeld */; };
		EDAAFFEE2C6F461E001C2ED9 /* Assets.xcassets in Resources */ = {isa = PBXBuildFile; fileRef = EDAAFFED2C6F461E001C2ED9 /* Assets.xcassets */; };
		EDAAFFF12C6F461E001C2ED9 /* LaunchScreen.storyboard in Resources */ = {isa = PBXBuildFile; fileRef = EDAAFFEF2C6F461E001C2ED9 /* LaunchScreen.storyboard */; };
		EDAAFFFC2C6F461E001C2ED9 /* st_louis_post_dispatchTests.swift in Sources */ = {isa = PBXBuildFile; fileRef = EDAAFFFB2C6F461E001C2ED9 /* st_louis_post_dispatchTests.swift */; };
/* End PBXBuildFile section */

/* Begin PBXContainerItemProxy section */
		EDAA00022C6F461E001C2ED9 /* PBXContainerItemProxy */ = {
			isa = PBXContainerItemProxy;
			containerPortal = EDAAFFD62C6F461B001C2ED9 /* Project object */;
			proxyType = 1;
			remoteGlobalIDString = EDAAFFDD2C6F461B001C2ED9;
			remoteInfo = "st-louis-post-dispatch";
		};
		EDAAFFF82C6F461E001C2ED9 /* PBXContainerItemProxy */ = {
			isa = PBXContainerItemProxy;
			containerPortal = EDAAFFD62C6F461B001C2ED9 /* Project object */;
			proxyType = 1;
			remoteGlobalIDString = EDAAFFDD2C6F461B001C2ED9;
			remoteInfo = "st-louis-post-dispatch";
		};
/* End PBXContainerItemProxy section */

/* Begin PBXFileReference section */
		ED39369B2C7208AE00075510 /* PersistenceManager.swift */ = {isa = PBXFileReference; lastKnownFileType = sourcecode.swift; path = PersistenceManager.swift; sourceTree = "<group>"; };
		ED39369E2C720A7300075510 /* PersistenceTests.swift */ = {isa = PBXFileReference; lastKnownFileType = sourcecode.swift; path = PersistenceTests.swift; sourceTree = "<group>"; };
		ED3936A12C720B8900075510 /* PayloadDTO+Mocks.swift */ = {isa = PBXFileReference; lastKnownFileType = sourcecode.swift; path = "PayloadDTO+Mocks.swift"; sourceTree = "<group>"; };
		ED3936A52C7211DD00075510 /* WhenFetchingPayload.swift */ = {isa = PBXFileReference; lastKnownFileType = sourcecode.swift; path = WhenFetchingPayload.swift; sourceTree = "<group>"; };
		EDAA00012C6F461E001C2ED9 /* st-louis-post-dispatchUITests.xctest */ = {isa = PBXFileReference; explicitFileType = wrapper.cfbundle; includeInIndex = 0; path = "st-louis-post-dispatchUITests.xctest"; sourceTree = BUILT_PRODUCTS_DIR; };
		EDAA00052C6F461E001C2ED9 /* st_louis_post_dispatchUITests.swift */ = {isa = PBXFileReference; lastKnownFileType = sourcecode.swift; path = st_louis_post_dispatchUITests.swift; sourceTree = "<group>"; };
		EDAA00072C6F461E001C2ED9 /* st_louis_post_dispatchUITestsLaunchTests.swift */ = {isa = PBXFileReference; lastKnownFileType = sourcecode.swift; path = st_louis_post_dispatchUITestsLaunchTests.swift; sourceTree = "<group>"; };
		EDAA00152C6F4E91001C2ED9 /* HttpClient.swift */ = {isa = PBXFileReference; lastKnownFileType = sourcecode.swift; path = HttpClient.swift; sourceTree = "<group>"; };
		EDAA00182C6F4F13001C2ED9 /* ApiTests.swift */ = {isa = PBXFileReference; lastKnownFileType = sourcecode.swift; path = ApiTests.swift; sourceTree = "<group>"; };
		EDAA001A2C6F4F92001C2ED9 /* ApiHelper.swift */ = {isa = PBXFileReference; lastKnownFileType = sourcecode.swift; path = ApiHelper.swift; sourceTree = "<group>"; };
		EDAA001D2C6F5F79001C2ED9 /* PayloadMessage.swift */ = {isa = PBXFileReference; lastKnownFileType = sourcecode.swift; path = PayloadMessage.swift; sourceTree = "<group>"; };
		EDAA001F2C6F6245001C2ED9 /* ApiService.swift */ = {isa = PBXFileReference; lastKnownFileType = sourcecode.swift; path = ApiService.swift; sourceTree = "<group>"; };
		EDAA00222C6F659B001C2ED9 /* payloadMock.json */ = {isa = PBXFileReference; fileEncoding = 4; lastKnownFileType = text.json; path = payloadMock.json; sourceTree = "<group>"; };
		EDAA00242C6F65DF001C2ED9 /* PayloadMessage+Mocks.swift */ = {isa = PBXFileReference; lastKnownFileType = sourcecode.swift; path = "PayloadMessage+Mocks.swift"; sourceTree = "<group>"; };
		EDAA00262C6F6896001C2ED9 /* MockHttpClient.swift */ = {isa = PBXFileReference; lastKnownFileType = sourcecode.swift; path = MockHttpClient.swift; sourceTree = "<group>"; };
		EDAA002D2C7150D1001C2ED9 /* PayloadDTO.swift */ = {isa = PBXFileReference; lastKnownFileType = sourcecode.swift; path = PayloadDTO.swift; sourceTree = "<group>"; };
		EDAA00322C71547F001C2ED9 /* PayloadRepository.swift */ = {isa = PBXFileReference; lastKnownFileType = sourcecode.swift; path = PayloadRepository.swift; sourceTree = "<group>"; };
		EDAA00352C715630001C2ED9 /* Payload.swift */ = {isa = PBXFileReference; lastKnownFileType = sourcecode.swift; path = Payload.swift; sourceTree = "<group>"; };
		EDAA00392C71593E001C2ED9 /* Payload+Persistence.swift */ = {isa = PBXFileReference; lastKnownFileType = sourcecode.swift; path = "Payload+Persistence.swift"; sourceTree = "<group>"; };
		EDAA003B2C715D3F001C2ED9 /* RecordDTO.swift */ = {isa = PBXFileReference; lastKnownFileType = sourcecode.swift; path = RecordDTO.swift; sourceTree = "<group>"; };
		EDAA003D2C715F71001C2ED9 /* SubscriptionDTO.swift */ = {isa = PBXFileReference; lastKnownFileType = sourcecode.swift; path = SubscriptionDTO.swift; sourceTree = "<group>"; };
		EDAA003F2C7161BF001C2ED9 /* OfferDTO.swift */ = {isa = PBXFileReference; lastKnownFileType = sourcecode.swift; path = OfferDTO.swift; sourceTree = "<group>"; };
		EDAA00412C71632D001C2ED9 /* PersistenceConstants.swift */ = {isa = PBXFileReference; lastKnownFileType = sourcecode.swift; path = PersistenceConstants.swift; sourceTree = "<group>"; };
		EDAA00432C7173BE001C2ED9 /* Payload+API.swift */ = {isa = PBXFileReference; lastKnownFileType = sourcecode.swift; path = "Payload+API.swift"; sourceTree = "<group>"; };
		EDAAFFDE2C6F461B001C2ED9 /* st-louis-post-dispatch.app */ = {isa = PBXFileReference; explicitFileType = wrapper.application; includeInIndex = 0; path = "st-louis-post-dispatch.app"; sourceTree = BUILT_PRODUCTS_DIR; };
		EDAAFFE12C6F461B001C2ED9 /* AppDelegate.swift */ = {isa = PBXFileReference; lastKnownFileType = sourcecode.swift; path = AppDelegate.swift; sourceTree = "<group>"; };
		EDAAFFE32C6F461B001C2ED9 /* SceneDelegate.swift */ = {isa = PBXFileReference; lastKnownFileType = sourcecode.swift; path = SceneDelegate.swift; sourceTree = "<group>"; };
		EDAAFFE52C6F461B001C2ED9 /* ViewController.swift */ = {isa = PBXFileReference; lastKnownFileType = sourcecode.swift; path = ViewController.swift; sourceTree = "<group>"; };
		EDAAFFE82C6F461B001C2ED9 /* Base */ = {isa = PBXFileReference; lastKnownFileType = file.storyboard; name = Base; path = Base.lproj/Main.storyboard; sourceTree = "<group>"; };
		EDAAFFEB2C6F461B001C2ED9 /* st_louis_post_dispatch.xcdatamodel */ = {isa = PBXFileReference; lastKnownFileType = wrapper.xcdatamodel; path = st_louis_post_dispatch.xcdatamodel; sourceTree = "<group>"; };
		EDAAFFED2C6F461E001C2ED9 /* Assets.xcassets */ = {isa = PBXFileReference; lastKnownFileType = folder.assetcatalog; path = Assets.xcassets; sourceTree = "<group>"; };
		EDAAFFF02C6F461E001C2ED9 /* Base */ = {isa = PBXFileReference; lastKnownFileType = file.storyboard; name = Base; path = Base.lproj/LaunchScreen.storyboard; sourceTree = "<group>"; };
		EDAAFFF22C6F461E001C2ED9 /* Info.plist */ = {isa = PBXFileReference; lastKnownFileType = text.plist.xml; path = Info.plist; sourceTree = "<group>"; };
		EDAAFFF72C6F461E001C2ED9 /* st-louis-post-dispatchTests.xctest */ = {isa = PBXFileReference; explicitFileType = wrapper.cfbundle; includeInIndex = 0; path = "st-louis-post-dispatchTests.xctest"; sourceTree = BUILT_PRODUCTS_DIR; };
		EDAAFFFB2C6F461E001C2ED9 /* st_louis_post_dispatchTests.swift */ = {isa = PBXFileReference; lastKnownFileType = sourcecode.swift; path = st_louis_post_dispatchTests.swift; sourceTree = "<group>"; };
/* End PBXFileReference section */

/* Begin PBXFrameworksBuildPhase section */
		EDAAFFDB2C6F461B001C2ED9 /* Frameworks */ = {
			isa = PBXFrameworksBuildPhase;
			buildActionMask = 2147483647;
			files = (
			);
			runOnlyForDeploymentPostprocessing = 0;
		};
		EDAAFFF42C6F461E001C2ED9 /* Frameworks */ = {
			isa = PBXFrameworksBuildPhase;
			buildActionMask = 2147483647;
			files = (
			);
			runOnlyForDeploymentPostprocessing = 0;
		};
		EDAAFFFE2C6F461E001C2ED9 /* Frameworks */ = {
			isa = PBXFrameworksBuildPhase;
			buildActionMask = 2147483647;
			files = (
			);
			runOnlyForDeploymentPostprocessing = 0;
		};
/* End PBXFrameworksBuildPhase section */

/* Begin PBXGroup section */
		ED39369D2C720A4600075510 /* persistence */ = {
			isa = PBXGroup;
			children = (
				ED39369E2C720A7300075510 /* PersistenceTests.swift */,
			);
			path = persistence;
			sourceTree = "<group>";
		};
		ED3936A02C720B7300075510 /* Mocks */ = {
			isa = PBXGroup;
			children = (
				ED3936A12C720B8900075510 /* PayloadDTO+Mocks.swift */,
			);
			path = Mocks;
			sourceTree = "<group>";
		};
		ED3936A32C720D7200075510 /* DTO */ = {
			isa = PBXGroup;
			children = (
				EDAA002D2C7150D1001C2ED9 /* PayloadDTO.swift */,
				EDAA003B2C715D3F001C2ED9 /* RecordDTO.swift */,
				EDAA003D2C715F71001C2ED9 /* SubscriptionDTO.swift */,
				EDAA003F2C7161BF001C2ED9 /* OfferDTO.swift */,
				EDAA00392C71593E001C2ED9 /* Payload+Persistence.swift */,
			);
			path = DTO;
			sourceTree = "<group>";
		};
		ED3936A42C7211B300075510 /* integration */ = {
			isa = PBXGroup;
			children = (
				ED3936A52C7211DD00075510 /* WhenFetchingPayload.swift */,
			);
			path = integration;
			sourceTree = "<group>";
		};
		EDAA00042C6F461E001C2ED9 /* st-louis-post-dispatchUITests */ = {
			isa = PBXGroup;
			children = (
				EDAA00052C6F461E001C2ED9 /* st_louis_post_dispatchUITests.swift */,
				EDAA00072C6F461E001C2ED9 /* st_louis_post_dispatchUITestsLaunchTests.swift */,
			);
			path = "st-louis-post-dispatchUITests";
			sourceTree = "<group>";
		};
		EDAA00142C6F4E78001C2ED9 /* rest */ = {
			isa = PBXGroup;
			children = (
				EDAA00152C6F4E91001C2ED9 /* HttpClient.swift */,
				EDAA00262C6F6896001C2ED9 /* MockHttpClient.swift */,
			);
			path = rest;
			sourceTree = "<group>";
		};
		EDAA00172C6F4EF2001C2ED9 /* rest */ = {
			isa = PBXGroup;
			children = (
				EDAA00182C6F4F13001C2ED9 /* ApiTests.swift */,
			);
			path = rest;
			sourceTree = "<group>";
		};
		EDAA001C2C6F5F07001C2ED9 /* api */ = {
			isa = PBXGroup;
			children = (
				EDAA00212C6F6505001C2ED9 /* Mocks */,
				EDAA001A2C6F4F92001C2ED9 /* ApiHelper.swift */,
				EDAA001D2C6F5F79001C2ED9 /* PayloadMessage.swift */,
				EDAA001F2C6F6245001C2ED9 /* ApiService.swift */,
				EDAA00432C7173BE001C2ED9 /* Payload+API.swift */,
			);
			path = api;
			sourceTree = "<group>";
		};
		EDAA00212C6F6505001C2ED9 /* Mocks */ = {
			isa = PBXGroup;
			children = (
				EDAA00222C6F659B001C2ED9 /* payloadMock.json */,
				EDAA00242C6F65DF001C2ED9 /* PayloadMessage+Mocks.swift */,
			);
			path = Mocks;
			sourceTree = "<group>";
		};
		EDAA002C2C7150A8001C2ED9 /* persistence */ = {
			isa = PBXGroup;
			children = (
				ED39369B2C7208AE00075510 /* PersistenceManager.swift */,
				EDAA00412C71632D001C2ED9 /* PersistenceConstants.swift */,
				ED3936A32C720D7200075510 /* DTO */,
				ED3936A02C720B7300075510 /* Mocks */,
			);
			path = persistence;
			sourceTree = "<group>";
		};
		EDAA00312C715464001C2ED9 /* repositories */ = {
			isa = PBXGroup;
			children = (
				EDAA00322C71547F001C2ED9 /* PayloadRepository.swift */,
			);
			path = repositories;
			sourceTree = "<group>";
		};
		EDAA00342C71561C001C2ED9 /* models */ = {
			isa = PBXGroup;
			children = (
				EDAA00312C715464001C2ED9 /* repositories */,
				EDAA00352C715630001C2ED9 /* Payload.swift */,
			);
			path = models;
			sourceTree = "<group>";
		};
		EDAAFFD52C6F461B001C2ED9 = {
			isa = PBXGroup;
			children = (
				EDAAFFE02C6F461B001C2ED9 /* st-louis-post-dispatch */,
				EDAAFFFA2C6F461E001C2ED9 /* st-louis-post-dispatchTests */,
				EDAA00042C6F461E001C2ED9 /* st-louis-post-dispatchUITests */,
				EDAAFFDF2C6F461B001C2ED9 /* Products */,
			);
			sourceTree = "<group>";
		};
		EDAAFFDF2C6F461B001C2ED9 /* Products */ = {
			isa = PBXGroup;
			children = (
				EDAAFFDE2C6F461B001C2ED9 /* st-louis-post-dispatch.app */,
				EDAAFFF72C6F461E001C2ED9 /* st-louis-post-dispatchTests.xctest */,
				EDAA00012C6F461E001C2ED9 /* st-louis-post-dispatchUITests.xctest */,
			);
			name = Products;
			sourceTree = "<group>";
		};
		EDAAFFE02C6F461B001C2ED9 /* st-louis-post-dispatch */ = {
			isa = PBXGroup;
			children = (
				EDAA00342C71561C001C2ED9 /* models */,
				EDAA002C2C7150A8001C2ED9 /* persistence */,
				EDAA001C2C6F5F07001C2ED9 /* api */,
				EDAA00142C6F4E78001C2ED9 /* rest */,
				EDAAFFE12C6F461B001C2ED9 /* AppDelegate.swift */,
				EDAAFFE32C6F461B001C2ED9 /* SceneDelegate.swift */,
				EDAAFFE52C6F461B001C2ED9 /* ViewController.swift */,
				EDAAFFE72C6F461B001C2ED9 /* Main.storyboard */,
				EDAAFFED2C6F461E001C2ED9 /* Assets.xcassets */,
				EDAAFFEF2C6F461E001C2ED9 /* LaunchScreen.storyboard */,
				EDAAFFF22C6F461E001C2ED9 /* Info.plist */,
				EDAAFFEA2C6F461B001C2ED9 /* st_louis_post_dispatch.xcdatamodeld */,
			);
			path = "st-louis-post-dispatch";
			sourceTree = "<group>";
		};
		EDAAFFFA2C6F461E001C2ED9 /* st-louis-post-dispatchTests */ = {
			isa = PBXGroup;
			children = (
				ED3936A42C7211B300075510 /* integration */,
				ED39369D2C720A4600075510 /* persistence */,
				EDAA00172C6F4EF2001C2ED9 /* rest */,
				EDAAFFFB2C6F461E001C2ED9 /* st_louis_post_dispatchTests.swift */,
			);
			path = "st-louis-post-dispatchTests";
			sourceTree = "<group>";
		};
/* End PBXGroup section */

/* Begin PBXNativeTarget section */
		EDAA00002C6F461E001C2ED9 /* st-louis-post-dispatchUITests */ = {
			isa = PBXNativeTarget;
			buildConfigurationList = EDAA00112C6F461E001C2ED9 /* Build configuration list for PBXNativeTarget "st-louis-post-dispatchUITests" */;
			buildPhases = (
				EDAAFFFD2C6F461E001C2ED9 /* Sources */,
				EDAAFFFE2C6F461E001C2ED9 /* Frameworks */,
				EDAAFFFF2C6F461E001C2ED9 /* Resources */,
			);
			buildRules = (
			);
			dependencies = (
				EDAA00032C6F461E001C2ED9 /* PBXTargetDependency */,
			);
			name = "st-louis-post-dispatchUITests";
			productName = "st-louis-post-dispatchUITests";
			productReference = EDAA00012C6F461E001C2ED9 /* st-louis-post-dispatchUITests.xctest */;
			productType = "com.apple.product-type.bundle.ui-testing";
		};
		EDAAFFDD2C6F461B001C2ED9 /* st-louis-post-dispatch */ = {
			isa = PBXNativeTarget;
			buildConfigurationList = EDAA000B2C6F461E001C2ED9 /* Build configuration list for PBXNativeTarget "st-louis-post-dispatch" */;
			buildPhases = (
				EDAAFFDA2C6F461B001C2ED9 /* Sources */,
				EDAAFFDB2C6F461B001C2ED9 /* Frameworks */,
				EDAAFFDC2C6F461B001C2ED9 /* Resources */,
			);
			buildRules = (
			);
			dependencies = (
			);
			name = "st-louis-post-dispatch";
			productName = "st-louis-post-dispatch";
			productReference = EDAAFFDE2C6F461B001C2ED9 /* st-louis-post-dispatch.app */;
			productType = "com.apple.product-type.application";
		};
		EDAAFFF62C6F461E001C2ED9 /* st-louis-post-dispatchTests */ = {
			isa = PBXNativeTarget;
			buildConfigurationList = EDAA000E2C6F461E001C2ED9 /* Build configuration list for PBXNativeTarget "st-louis-post-dispatchTests" */;
			buildPhases = (
				EDAAFFF32C6F461E001C2ED9 /* Sources */,
				EDAAFFF42C6F461E001C2ED9 /* Frameworks */,
				EDAAFFF52C6F461E001C2ED9 /* Resources */,
			);
			buildRules = (
			);
			dependencies = (
				EDAAFFF92C6F461E001C2ED9 /* PBXTargetDependency */,
			);
			name = "st-louis-post-dispatchTests";
			productName = "st-louis-post-dispatchTests";
			productReference = EDAAFFF72C6F461E001C2ED9 /* st-louis-post-dispatchTests.xctest */;
			productType = "com.apple.product-type.bundle.unit-test";
		};
/* End PBXNativeTarget section */

/* Begin PBXProject section */
		EDAAFFD62C6F461B001C2ED9 /* Project object */ = {
			isa = PBXProject;
			attributes = {
				BuildIndependentTargetsInParallel = 1;
				LastSwiftUpdateCheck = 1430;
				LastUpgradeCheck = 1430;
				TargetAttributes = {
					EDAA00002C6F461E001C2ED9 = {
						CreatedOnToolsVersion = 14.3.1;
						TestTargetID = EDAAFFDD2C6F461B001C2ED9;
					};
					EDAAFFDD2C6F461B001C2ED9 = {
						CreatedOnToolsVersion = 14.3.1;
					};
					EDAAFFF62C6F461E001C2ED9 = {
						CreatedOnToolsVersion = 14.3.1;
						TestTargetID = EDAAFFDD2C6F461B001C2ED9;
					};
				};
			};
			buildConfigurationList = EDAAFFD92C6F461B001C2ED9 /* Build configuration list for PBXProject "st-louis-post-dispatch" */;
			compatibilityVersion = "Xcode 14.0";
			developmentRegion = en;
			hasScannedForEncodings = 0;
			knownRegions = (
				en,
				Base,
			);
			mainGroup = EDAAFFD52C6F461B001C2ED9;
			productRefGroup = EDAAFFDF2C6F461B001C2ED9 /* Products */;
			projectDirPath = "";
			projectRoot = "";
			targets = (
				EDAAFFDD2C6F461B001C2ED9 /* st-louis-post-dispatch */,
				EDAAFFF62C6F461E001C2ED9 /* st-louis-post-dispatchTests */,
				EDAA00002C6F461E001C2ED9 /* st-louis-post-dispatchUITests */,
			);
		};
/* End PBXProject section */

/* Begin PBXResourcesBuildPhase section */
		EDAAFFDC2C6F461B001C2ED9 /* Resources */ = {
			isa = PBXResourcesBuildPhase;
			buildActionMask = 2147483647;
			files = (
				EDAA00232C6F659B001C2ED9 /* payloadMock.json in Resources */,
				EDAAFFF12C6F461E001C2ED9 /* LaunchScreen.storyboard in Resources */,
				EDAAFFEE2C6F461E001C2ED9 /* Assets.xcassets in Resources */,
				EDAAFFE92C6F461B001C2ED9 /* Main.storyboard in Resources */,
			);
			runOnlyForDeploymentPostprocessing = 0;
		};
		EDAAFFF52C6F461E001C2ED9 /* Resources */ = {
			isa = PBXResourcesBuildPhase;
			buildActionMask = 2147483647;
			files = (
			);
			runOnlyForDeploymentPostprocessing = 0;
		};
		EDAAFFFF2C6F461E001C2ED9 /* Resources */ = {
			isa = PBXResourcesBuildPhase;
			buildActionMask = 2147483647;
			files = (
			);
			runOnlyForDeploymentPostprocessing = 0;
		};
/* End PBXResourcesBuildPhase section */

/* Begin PBXSourcesBuildPhase section */
		EDAAFFDA2C6F461B001C2ED9 /* Sources */ = {
			isa = PBXSourcesBuildPhase;
			buildActionMask = 2147483647;
			files = (
				EDAA00252C6F65DF001C2ED9 /* PayloadMessage+Mocks.swift in Sources */,
				EDAA00272C6F6896001C2ED9 /* MockHttpClient.swift in Sources */,
				EDAA001E2C6F5F79001C2ED9 /* PayloadMessage.swift in Sources */,
				EDAA00362C715630001C2ED9 /* Payload.swift in Sources */,
				EDAA002E2C7150D1001C2ED9 /* PayloadDTO.swift in Sources */,
				EDAA00422C71632D001C2ED9 /* PersistenceConstants.swift in Sources */,
				EDAA001B2C6F4F92001C2ED9 /* ApiHelper.swift in Sources */,
				EDAA00162C6F4E91001C2ED9 /* HttpClient.swift in Sources */,
				EDAAFFE62C6F461B001C2ED9 /* ViewController.swift in Sources */,
				EDAA00442C7173BE001C2ED9 /* Payload+API.swift in Sources */,
				EDAA00332C71547F001C2ED9 /* PayloadRepository.swift in Sources */,
				ED39369C2C7208AE00075510 /* PersistenceManager.swift in Sources */,
				EDAAFFEC2C6F461B001C2ED9 /* st_louis_post_dispatch.xcdatamodeld in Sources */,
				EDAA003E2C715F71001C2ED9 /* SubscriptionDTO.swift in Sources */,
				EDAA003C2C715D3F001C2ED9 /* RecordDTO.swift in Sources */,
				EDAAFFE22C6F461B001C2ED9 /* AppDelegate.swift in Sources */,
				EDAA00202C6F6245001C2ED9 /* ApiService.swift in Sources */,
				ED3936A22C720B8900075510 /* PayloadDTO+Mocks.swift in Sources */,
				EDAA00402C7161BF001C2ED9 /* OfferDTO.swift in Sources */,
				EDAA003A2C71593E001C2ED9 /* Payload+Persistence.swift in Sources */,
				EDAAFFE42C6F461B001C2ED9 /* SceneDelegate.swift in Sources */,
			);
			runOnlyForDeploymentPostprocessing = 0;
		};
		EDAAFFF32C6F461E001C2ED9 /* Sources */ = {
			isa = PBXSourcesBuildPhase;
			buildActionMask = 2147483647;
			files = (
				ED3936A62C7211DD00075510 /* WhenFetchingPayload.swift in Sources */,
				ED39369F2C720A7300075510 /* PersistenceTests.swift in Sources */,
				EDAA00192C6F4F13001C2ED9 /* ApiTests.swift in Sources */,
				EDAAFFFC2C6F461E001C2ED9 /* st_louis_post_dispatchTests.swift in Sources */,
			);
			runOnlyForDeploymentPostprocessing = 0;
		};
		EDAAFFFD2C6F461E001C2ED9 /* Sources */ = {
			isa = PBXSourcesBuildPhase;
			buildActionMask = 2147483647;
			files = (
				EDAA00082C6F461E001C2ED9 /* st_louis_post_dispatchUITestsLaunchTests.swift in Sources */,
				EDAA00062C6F461E001C2ED9 /* st_louis_post_dispatchUITests.swift in Sources */,
			);
			runOnlyForDeploymentPostprocessing = 0;
		};
/* End PBXSourcesBuildPhase section */

/* Begin PBXTargetDependency section */
		EDAA00032C6F461E001C2ED9 /* PBXTargetDependency */ = {
			isa = PBXTargetDependency;
			target = EDAAFFDD2C6F461B001C2ED9 /* st-louis-post-dispatch */;
			targetProxy = EDAA00022C6F461E001C2ED9 /* PBXContainerItemProxy */;
		};
		EDAAFFF92C6F461E001C2ED9 /* PBXTargetDependency */ = {
			isa = PBXTargetDependency;
			target = EDAAFFDD2C6F461B001C2ED9 /* st-louis-post-dispatch */;
			targetProxy = EDAAFFF82C6F461E001C2ED9 /* PBXContainerItemProxy */;
		};
/* End PBXTargetDependency section */

/* Begin PBXVariantGroup section */
		EDAAFFE72C6F461B001C2ED9 /* Main.storyboard */ = {
			isa = PBXVariantGroup;
			children = (
				EDAAFFE82C6F461B001C2ED9 /* Base */,
			);
			name = Main.storyboard;
			sourceTree = "<group>";
		};
		EDAAFFEF2C6F461E001C2ED9 /* LaunchScreen.storyboard */ = {
			isa = PBXVariantGroup;
			children = (
				EDAAFFF02C6F461E001C2ED9 /* Base */,
			);
			name = LaunchScreen.storyboard;
			sourceTree = "<group>";
		};
/* End PBXVariantGroup section */

/* Begin XCBuildConfiguration section */
		EDAA00092C6F461E001C2ED9 /* Debug */ = {
			isa = XCBuildConfiguration;
			buildSettings = {
				ALWAYS_SEARCH_USER_PATHS = NO;
				CLANG_ANALYZER_NONNULL = YES;
				CLANG_ANALYZER_NUMBER_OBJECT_CONVERSION = YES_AGGRESSIVE;
				CLANG_CXX_LANGUAGE_STANDARD = "gnu++20";
				CLANG_ENABLE_MODULES = YES;
				CLANG_ENABLE_OBJC_ARC = YES;
				CLANG_ENABLE_OBJC_WEAK = YES;
				CLANG_WARN_BLOCK_CAPTURE_AUTORELEASING = YES;
				CLANG_WARN_BOOL_CONVERSION = YES;
				CLANG_WARN_COMMA = YES;
				CLANG_WARN_CONSTANT_CONVERSION = YES;
				CLANG_WARN_DEPRECATED_OBJC_IMPLEMENTATIONS = YES;
				CLANG_WARN_DIRECT_OBJC_ISA_USAGE = YES_ERROR;
				CLANG_WARN_DOCUMENTATION_COMMENTS = YES;
				CLANG_WARN_EMPTY_BODY = YES;
				CLANG_WARN_ENUM_CONVERSION = YES;
				CLANG_WARN_INFINITE_RECURSION = YES;
				CLANG_WARN_INT_CONVERSION = YES;
				CLANG_WARN_NON_LITERAL_NULL_CONVERSION = YES;
				CLANG_WARN_OBJC_IMPLICIT_RETAIN_SELF = YES;
				CLANG_WARN_OBJC_LITERAL_CONVERSION = YES;
				CLANG_WARN_OBJC_ROOT_CLASS = YES_ERROR;
				CLANG_WARN_QUOTED_INCLUDE_IN_FRAMEWORK_HEADER = YES;
				CLANG_WARN_RANGE_LOOP_ANALYSIS = YES;
				CLANG_WARN_STRICT_PROTOTYPES = YES;
				CLANG_WARN_SUSPICIOUS_MOVE = YES;
				CLANG_WARN_UNGUARDED_AVAILABILITY = YES_AGGRESSIVE;
				CLANG_WARN_UNREACHABLE_CODE = YES;
				CLANG_WARN__DUPLICATE_METHOD_MATCH = YES;
				COPY_PHASE_STRIP = NO;
				DEBUG_INFORMATION_FORMAT = dwarf;
				ENABLE_STRICT_OBJC_MSGSEND = YES;
				ENABLE_TESTABILITY = YES;
				GCC_C_LANGUAGE_STANDARD = gnu11;
				GCC_DYNAMIC_NO_PIC = NO;
				GCC_NO_COMMON_BLOCKS = YES;
				GCC_OPTIMIZATION_LEVEL = 0;
				GCC_PREPROCESSOR_DEFINITIONS = (
					"DEBUG=1",
					"$(inherited)",
				);
				GCC_WARN_64_TO_32_BIT_CONVERSION = YES;
				GCC_WARN_ABOUT_RETURN_TYPE = YES_ERROR;
				GCC_WARN_UNDECLARED_SELECTOR = YES;
				GCC_WARN_UNINITIALIZED_AUTOS = YES_AGGRESSIVE;
				GCC_WARN_UNUSED_FUNCTION = YES;
				GCC_WARN_UNUSED_VARIABLE = YES;
				IPHONEOS_DEPLOYMENT_TARGET = 13.0;
				MTL_ENABLE_DEBUG_INFO = INCLUDE_SOURCE;
				MTL_FAST_MATH = YES;
				ONLY_ACTIVE_ARCH = YES;
				SDKROOT = iphoneos;
				SWIFT_ACTIVE_COMPILATION_CONDITIONS = DEBUG;
				SWIFT_OPTIMIZATION_LEVEL = "-Onone";
			};
			name = Debug;
		};
		EDAA000A2C6F461E001C2ED9 /* Release */ = {
			isa = XCBuildConfiguration;
			buildSettings = {
				ALWAYS_SEARCH_USER_PATHS = NO;
				CLANG_ANALYZER_NONNULL = YES;
				CLANG_ANALYZER_NUMBER_OBJECT_CONVERSION = YES_AGGRESSIVE;
				CLANG_CXX_LANGUAGE_STANDARD = "gnu++20";
				CLANG_ENABLE_MODULES = YES;
				CLANG_ENABLE_OBJC_ARC = YES;
				CLANG_ENABLE_OBJC_WEAK = YES;
				CLANG_WARN_BLOCK_CAPTURE_AUTORELEASING = YES;
				CLANG_WARN_BOOL_CONVERSION = YES;
				CLANG_WARN_COMMA = YES;
				CLANG_WARN_CONSTANT_CONVERSION = YES;
				CLANG_WARN_DEPRECATED_OBJC_IMPLEMENTATIONS = YES;
				CLANG_WARN_DIRECT_OBJC_ISA_USAGE = YES_ERROR;
				CLANG_WARN_DOCUMENTATION_COMMENTS = YES;
				CLANG_WARN_EMPTY_BODY = YES;
				CLANG_WARN_ENUM_CONVERSION = YES;
				CLANG_WARN_INFINITE_RECURSION = YES;
				CLANG_WARN_INT_CONVERSION = YES;
				CLANG_WARN_NON_LITERAL_NULL_CONVERSION = YES;
				CLANG_WARN_OBJC_IMPLICIT_RETAIN_SELF = YES;
				CLANG_WARN_OBJC_LITERAL_CONVERSION = YES;
				CLANG_WARN_OBJC_ROOT_CLASS = YES_ERROR;
				CLANG_WARN_QUOTED_INCLUDE_IN_FRAMEWORK_HEADER = YES;
				CLANG_WARN_RANGE_LOOP_ANALYSIS = YES;
				CLANG_WARN_STRICT_PROTOTYPES = YES;
				CLANG_WARN_SUSPICIOUS_MOVE = YES;
				CLANG_WARN_UNGUARDED_AVAILABILITY = YES_AGGRESSIVE;
				CLANG_WARN_UNREACHABLE_CODE = YES;
				CLANG_WARN__DUPLICATE_METHOD_MATCH = YES;
				COPY_PHASE_STRIP = NO;
				DEBUG_INFORMATION_FORMAT = "dwarf-with-dsym";
				ENABLE_NS_ASSERTIONS = NO;
				ENABLE_STRICT_OBJC_MSGSEND = YES;
				GCC_C_LANGUAGE_STANDARD = gnu11;
				GCC_NO_COMMON_BLOCKS = YES;
				GCC_WARN_64_TO_32_BIT_CONVERSION = YES;
				GCC_WARN_ABOUT_RETURN_TYPE = YES_ERROR;
				GCC_WARN_UNDECLARED_SELECTOR = YES;
				GCC_WARN_UNINITIALIZED_AUTOS = YES_AGGRESSIVE;
				GCC_WARN_UNUSED_FUNCTION = YES;
				GCC_WARN_UNUSED_VARIABLE = YES;
				IPHONEOS_DEPLOYMENT_TARGET = 13.0;
				MTL_ENABLE_DEBUG_INFO = NO;
				MTL_FAST_MATH = YES;
				SDKROOT = iphoneos;
				SWIFT_COMPILATION_MODE = wholemodule;
				SWIFT_OPTIMIZATION_LEVEL = "-O";
				VALIDATE_PRODUCT = YES;
			};
			name = Release;
		};
		EDAA000C2C6F461E001C2ED9 /* Debug */ = {
			isa = XCBuildConfiguration;
			buildSettings = {
				ASSETCATALOG_COMPILER_APPICON_NAME = AppIcon;
				ASSETCATALOG_COMPILER_GLOBAL_ACCENT_COLOR_NAME = AccentColor;
				CODE_SIGN_STYLE = Automatic;
				CURRENT_PROJECT_VERSION = 1;
				DEVELOPMENT_TEAM = C6R272DLR9;
				GENERATE_INFOPLIST_FILE = YES;
				INFOPLIST_FILE = "st-louis-post-dispatch/Info.plist";
				INFOPLIST_KEY_UIApplicationSupportsIndirectInputEvents = YES;
				INFOPLIST_KEY_UILaunchStoryboardName = LaunchScreen;
				INFOPLIST_KEY_UIMainStoryboardFile = Main;
				INFOPLIST_KEY_UISupportedInterfaceOrientations_iPad = "UIInterfaceOrientationPortrait UIInterfaceOrientationPortraitUpsideDown UIInterfaceOrientationLandscapeLeft UIInterfaceOrientationLandscapeRight";
				INFOPLIST_KEY_UISupportedInterfaceOrientations_iPhone = "UIInterfaceOrientationPortrait UIInterfaceOrientationLandscapeLeft UIInterfaceOrientationLandscapeRight";
				IPHONEOS_DEPLOYMENT_TARGET = 13.0;
				LD_RUNPATH_SEARCH_PATHS = (
					"$(inherited)",
					"@executable_path/Frameworks",
				);
				MARKETING_VERSION = 1.0;
				PRODUCT_BUNDLE_IDENTIFIER = "com.campofernando594.st-louis-post-dispatch";
				PRODUCT_NAME = "$(TARGET_NAME)";
				SWIFT_EMIT_LOC_STRINGS = YES;
				SWIFT_VERSION = 5.0;
				TARGETED_DEVICE_FAMILY = "1,2";
			};
			name = Debug;
		};
		EDAA000D2C6F461E001C2ED9 /* Release */ = {
			isa = XCBuildConfiguration;
			buildSettings = {
				ASSETCATALOG_COMPILER_APPICON_NAME = AppIcon;
				ASSETCATALOG_COMPILER_GLOBAL_ACCENT_COLOR_NAME = AccentColor;
				CODE_SIGN_STYLE = Automatic;
				CURRENT_PROJECT_VERSION = 1;
				DEVELOPMENT_TEAM = C6R272DLR9;
				GENERATE_INFOPLIST_FILE = YES;
				INFOPLIST_FILE = "st-louis-post-dispatch/Info.plist";
				INFOPLIST_KEY_UIApplicationSupportsIndirectInputEvents = YES;
				INFOPLIST_KEY_UILaunchStoryboardName = LaunchScreen;
				INFOPLIST_KEY_UIMainStoryboardFile = Main;
				INFOPLIST_KEY_UISupportedInterfaceOrientations_iPad = "UIInterfaceOrientationPortrait UIInterfaceOrientationPortraitUpsideDown UIInterfaceOrientationLandscapeLeft UIInterfaceOrientationLandscapeRight";
				INFOPLIST_KEY_UISupportedInterfaceOrientations_iPhone = "UIInterfaceOrientationPortrait UIInterfaceOrientationLandscapeLeft UIInterfaceOrientationLandscapeRight";
				IPHONEOS_DEPLOYMENT_TARGET = 13.0;
				LD_RUNPATH_SEARCH_PATHS = (
					"$(inherited)",
					"@executable_path/Frameworks",
				);
				MARKETING_VERSION = 1.0;
				PRODUCT_BUNDLE_IDENTIFIER = "com.campofernando594.st-louis-post-dispatch";
				PRODUCT_NAME = "$(TARGET_NAME)";
				SWIFT_EMIT_LOC_STRINGS = YES;
				SWIFT_VERSION = 5.0;
				TARGETED_DEVICE_FAMILY = "1,2";
			};
			name = Release;
		};
		EDAA000F2C6F461E001C2ED9 /* Debug */ = {
			isa = XCBuildConfiguration;
			buildSettings = {
				ALWAYS_EMBED_SWIFT_STANDARD_LIBRARIES = YES;
				BUNDLE_LOADER = "$(TEST_HOST)";
				CODE_SIGN_STYLE = Automatic;
				CURRENT_PROJECT_VERSION = 1;
				DEVELOPMENT_TEAM = C6R272DLR9;
				GENERATE_INFOPLIST_FILE = YES;
				IPHONEOS_DEPLOYMENT_TARGET = 13.0;
				MARKETING_VERSION = 1.0;
				PRODUCT_BUNDLE_IDENTIFIER = "com.campofernando594.st-louis-post-dispatchTests";
				PRODUCT_NAME = "$(TARGET_NAME)";
				SWIFT_EMIT_LOC_STRINGS = NO;
				SWIFT_VERSION = 5.0;
				TARGETED_DEVICE_FAMILY = "1,2";
				TEST_HOST = "$(BUILT_PRODUCTS_DIR)/st-louis-post-dispatch.app/$(BUNDLE_EXECUTABLE_FOLDER_PATH)/st-louis-post-dispatch";
			};
			name = Debug;
		};
		EDAA00102C6F461E001C2ED9 /* Release */ = {
			isa = XCBuildConfiguration;
			buildSettings = {
				ALWAYS_EMBED_SWIFT_STANDARD_LIBRARIES = YES;
				BUNDLE_LOADER = "$(TEST_HOST)";
				CODE_SIGN_STYLE = Automatic;
				CURRENT_PROJECT_VERSION = 1;
				DEVELOPMENT_TEAM = C6R272DLR9;
				GENERATE_INFOPLIST_FILE = YES;
				IPHONEOS_DEPLOYMENT_TARGET = 13.0;
				MARKETING_VERSION = 1.0;
				PRODUCT_BUNDLE_IDENTIFIER = "com.campofernando594.st-louis-post-dispatchTests";
				PRODUCT_NAME = "$(TARGET_NAME)";
				SWIFT_EMIT_LOC_STRINGS = NO;
				SWIFT_VERSION = 5.0;
				TARGETED_DEVICE_FAMILY = "1,2";
				TEST_HOST = "$(BUILT_PRODUCTS_DIR)/st-louis-post-dispatch.app/$(BUNDLE_EXECUTABLE_FOLDER_PATH)/st-louis-post-dispatch";
			};
			name = Release;
		};
		EDAA00122C6F461E001C2ED9 /* Debug */ = {
			isa = XCBuildConfiguration;
			buildSettings = {
				ALWAYS_EMBED_SWIFT_STANDARD_LIBRARIES = YES;
				CODE_SIGN_STYLE = Automatic;
				CURRENT_PROJECT_VERSION = 1;
				DEVELOPMENT_TEAM = C6R272DLR9;
				GENERATE_INFOPLIST_FILE = YES;
				IPHONEOS_DEPLOYMENT_TARGET = 13.0;
				MARKETING_VERSION = 1.0;
				PRODUCT_BUNDLE_IDENTIFIER = "com.campofernando594.st-louis-post-dispatchUITests";
				PRODUCT_NAME = "$(TARGET_NAME)";
				SWIFT_EMIT_LOC_STRINGS = NO;
				SWIFT_VERSION = 5.0;
				TARGETED_DEVICE_FAMILY = "1,2";
				TEST_TARGET_NAME = "st-louis-post-dispatch";
			};
			name = Debug;
		};
		EDAA00132C6F461E001C2ED9 /* Release */ = {
			isa = XCBuildConfiguration;
			buildSettings = {
				ALWAYS_EMBED_SWIFT_STANDARD_LIBRARIES = YES;
				CODE_SIGN_STYLE = Automatic;
				CURRENT_PROJECT_VERSION = 1;
				DEVELOPMENT_TEAM = C6R272DLR9;
				GENERATE_INFOPLIST_FILE = YES;
				IPHONEOS_DEPLOYMENT_TARGET = 13.0;
				MARKETING_VERSION = 1.0;
				PRODUCT_BUNDLE_IDENTIFIER = "com.campofernando594.st-louis-post-dispatchUITests";
				PRODUCT_NAME = "$(TARGET_NAME)";
				SWIFT_EMIT_LOC_STRINGS = NO;
				SWIFT_VERSION = 5.0;
				TARGETED_DEVICE_FAMILY = "1,2";
				TEST_TARGET_NAME = "st-louis-post-dispatch";
			};
			name = Release;
		};
/* End XCBuildConfiguration section */

/* Begin XCConfigurationList section */
		EDAA000B2C6F461E001C2ED9 /* Build configuration list for PBXNativeTarget "st-louis-post-dispatch" */ = {
			isa = XCConfigurationList;
			buildConfigurations = (
				EDAA000C2C6F461E001C2ED9 /* Debug */,
				EDAA000D2C6F461E001C2ED9 /* Release */,
			);
			defaultConfigurationIsVisible = 0;
			defaultConfigurationName = Release;
		};
		EDAA000E2C6F461E001C2ED9 /* Build configuration list for PBXNativeTarget "st-louis-post-dispatchTests" */ = {
			isa = XCConfigurationList;
			buildConfigurations = (
				EDAA000F2C6F461E001C2ED9 /* Debug */,
				EDAA00102C6F461E001C2ED9 /* Release */,
			);
			defaultConfigurationIsVisible = 0;
			defaultConfigurationName = Release;
		};
		EDAA00112C6F461E001C2ED9 /* Build configuration list for PBXNativeTarget "st-louis-post-dispatchUITests" */ = {
			isa = XCConfigurationList;
			buildConfigurations = (
				EDAA00122C6F461E001C2ED9 /* Debug */,
				EDAA00132C6F461E001C2ED9 /* Release */,
			);
			defaultConfigurationIsVisible = 0;
			defaultConfigurationName = Release;
		};
		EDAAFFD92C6F461B001C2ED9 /* Build configuration list for PBXProject "st-louis-post-dispatch" */ = {
			isa = XCConfigurationList;
			buildConfigurations = (
				EDAA00092C6F461E001C2ED9 /* Debug */,
				EDAA000A2C6F461E001C2ED9 /* Release */,
			);
			defaultConfigurationIsVisible = 0;
			defaultConfigurationName = Release;
		};
/* End XCConfigurationList section */

/* Begin XCVersionGroup section */
		EDAAFFEA2C6F461B001C2ED9 /* st_louis_post_dispatch.xcdatamodeld */ = {
			isa = XCVersionGroup;
			children = (
				EDAAFFEB2C6F461B001C2ED9 /* st_louis_post_dispatch.xcdatamodel */,
			);
			currentVersion = EDAAFFEB2C6F461B001C2ED9 /* st_louis_post_dispatch.xcdatamodel */;
			path = st_louis_post_dispatch.xcdatamodeld;
			sourceTree = "<group>";
			versionGroupType = wrapper.xcdatamodel;
		};
/* End XCVersionGroup section */
	};
	rootObject = EDAAFFD62C6F461B001C2ED9 /* Project object */;
}
